
Microsoft Visual Studio Solution File, Format Version 12.00
# Visual Studio Version 16
VisualStudioVersion = 16.0.29926.136
MinimumVisualStudioVersion = 10.0.40219.1
Project("{FAE04EC0-301F-11D3-BF4B-00C04F79EFBC}") = "FlightManagement.Web", "FlightManagement.Web\FlightManagement.Web.csproj", "{67FD5901-7A7B-4230-AA46-5B23897E4B8A}"
EndProject
Project("{FAE04EC0-301F-11D3-BF4B-00C04F79EFBC}") = "FlightManagement.Domain", "FlightManagement.Domain\FlightManagement.Domain.csproj", "{63A0638A-6481-4B07-ADBC-AC7A270E122B}"
EndProject
Global
	GlobalSection(SolutionConfigurationPlatforms) = preSolution
		Debug|Any CPU = Debug|Any CPU
		Release|Any CPU = Release|Any CPU
	EndGlobalSection
	GlobalSection(ProjectConfigurationPlatforms) = postSolution
		{67FD5901-7A7B-4230-AA46-5B23897E4B8A}.Debug|Any CPU.ActiveCfg = Debug|Any CPU
		{67FD5901-7A7B-4230-AA46-5B23897E4B8A}.Debug|Any CPU.Build.0 = Debug|Any CPU
		{67FD5901-7A7B-4230-AA46-5B23897E4B8A}.Release|Any CPU.ActiveCfg = Release|Any CPU
		{67FD5901-7A7B-4230-AA46-5B23897E4B8A}.Release|Any CPU.Build.0 = Release|Any CPU
		{63A0638A-6481-4B07-ADBC-AC7A270E122B}.Debug|Any CPU.ActiveCfg = Debug|Any CPU
		{63A0638A-6481-4B07-ADBC-AC7A270E122B}.Debug|Any CPU.Build.0 = Debug|Any CPU
		{63A0638A-6481-4B07-ADBC-AC7A270E122B}.Release|Any CPU.ActiveCfg = Release|Any CPU
		{63A0638A-6481-4B07-ADBC-AC7A270E122B}.Release|Any CPU.Build.0 = Release|Any CPU
	EndGlobalSection
	GlobalSection(SolutionProperties) = preSolution
		HideSolutionNode = FALSE
	EndGlobalSection
	GlobalSection(ExtensibilityGlobals) = postSolution
		SolutionGuid = {19C63E3F-BF91-4BBC-9D24-7F0CB53AAF08}
	EndGlobalSection
EndGlobal
